
Microsoft Visual Studio Solution File, Format Version 12.00
# Visual Studio 15
Project("{8BC9CEB9-8B4A-11D0-8D11-00A0C91BC942}") = "TrueSight", "TrueSight.dll", "{EA45A51C-BEF1-417E-AD0D-25F5461B284C}"
EndProject
Global
	GlobalSection(SolutionConfigurationPlatforms) = preSolution
		Default|Any CPU = Default|Any CPU
	EndGlobalSection
	GlobalSection(ProjectConfigurationPlatforms) = postSolution
		{EA45A51C-BEF1-417E-AD0D-25F5461B284C}.Default|Any CPU.ActiveCfg = Default|Any CPU
		{EA45A51C-BEF1-417E-AD0D-25F5461B284C}.Default|Any CPU.Build.0 = Default|Any CPU
	EndGlobalSection
EndGlobal
